
Microsoft Visual Studio Solution File, Format Version 12.00
# Visual Studio Version 17
VisualStudioVersion = 17.0.31903.59
MinimumVisualStudioVersion = 10.0.40219.1
Project("{2150E333-8FDC-42A3-9474-1A3956D46DE8}") = "src", "src", "{667FA38F-37D1-4800-BB95-2196BC04C35B}"
EndProject
Project("{2150E333-8FDC-42A3-9474-1A3956D46DE8}") = "services", "services", "{3AD00678-0CF3-47DE-8B16-16FFCFD840BF}"
EndProject
Project("{2150E333-8FDC-42A3-9474-1A3956D46DE8}") = "Identity", "Identity", "{C7054DEF-882E-470D-A45D-E273C2E039A2}"
EndProject
Project("{9A19103F-16F7-4668-BE54-9A1E7A4F7556}") = "PetGuardian.API.Identity", "src\services\Identity\PetGuardian.API.Identity\PetGuardian.API.Identity.csproj", "{77328953-EE62-4BAC-BE3D-5DF3069B0478}"
EndProject
Project("{2150E333-8FDC-42A3-9474-1A3956D46DE8}") = "building blocks", "building blocks", "{65F716D5-4EEB-4D30-A656-7B1C6934EA37}"
EndProject
Project("{9A19103F-16F7-4668-BE54-9A1E7A4F7556}") = "PetGuardian.Domain", "src\building blocks\PetGuardian.Domain\PetGuardian.Domain.csproj", "{1E96D96F-C76C-43B0-9253-DA23D376F6DF}"
EndProject
Project("{2150E333-8FDC-42A3-9474-1A3956D46DE8}") = "PetGuadian.API", "PetGuadian.API", "{49EF5E31-9F15-4F1E-B6C4-AEC1EAAC0119}"
EndProject
Project("{9A19103F-16F7-4668-BE54-9A1E7A4F7556}") = "PetGuadian.API", "src\services\PetGuardian\PetGuadian.API\PetGuadian.API.csproj", "{A671C246-0D21-4B86-A56E-6F64FC8AE9B6}"
EndProject
Project("{9A19103F-16F7-4668-BE54-9A1E7A4F7556}") = "PetGuadian.Application", "src\building blocks\PetGuadian.Application\PetGuadian.Application.csproj", "{BD9AC085-F1D7-4A6D-B4AD-EFA6818EB669}"
EndProject
Project("{2150E333-8FDC-42A3-9474-1A3956D46DE8}") = "Core", "Core", "{79DA1B7E-24DD-4F2B-B2FD-BD6960E10455}"
EndProject
Project("{FAE04EC0-301F-11D3-BF4B-00C04F79EFBC}") = "PetGuardian.Core", "src\building blocks\Core\PetGuardian.Core\PetGuardian.Core.csproj", "{3BEA9BBB-E27B-4E42-B997-7EE1A823DE92}"
EndProject
Project("{FAE04EC0-301F-11D3-BF4B-00C04F79EFBC}") = "PetGuardian.Tests", "src\building blocks\PetGuardian.Tests\PetGuardian.Tests.csproj", "{FFD15842-5FDD-487B-AA46-A8BF06867BFB}"
EndProject
Global
	GlobalSection(SolutionConfigurationPlatforms) = preSolution
		Debug|Any CPU = Debug|Any CPU
		Release|Any CPU = Release|Any CPU
	EndGlobalSection
	GlobalSection(ProjectConfigurationPlatforms) = postSolution
		{77328953-EE62-4BAC-BE3D-5DF3069B0478}.Debug|Any CPU.ActiveCfg = Debug|Any CPU
		{77328953-EE62-4BAC-BE3D-5DF3069B0478}.Debug|Any CPU.Build.0 = Debug|Any CPU
		{77328953-EE62-4BAC-BE3D-5DF3069B0478}.Release|Any CPU.ActiveCfg = Release|Any CPU
		{77328953-EE62-4BAC-BE3D-5DF3069B0478}.Release|Any CPU.Build.0 = Release|Any CPU
		{1E96D96F-C76C-43B0-9253-DA23D376F6DF}.Debug|Any CPU.ActiveCfg = Debug|Any CPU
		{1E96D96F-C76C-43B0-9253-DA23D376F6DF}.Debug|Any CPU.Build.0 = Debug|Any CPU
		{1E96D96F-C76C-43B0-9253-DA23D376F6DF}.Release|Any CPU.ActiveCfg = Release|Any CPU
		{1E96D96F-C76C-43B0-9253-DA23D376F6DF}.Release|Any CPU.Build.0 = Release|Any CPU
		{A671C246-0D21-4B86-A56E-6F64FC8AE9B6}.Debug|Any CPU.ActiveCfg = Debug|Any CPU
		{A671C246-0D21-4B86-A56E-6F64FC8AE9B6}.Debug|Any CPU.Build.0 = Debug|Any CPU
		{A671C246-0D21-4B86-A56E-6F64FC8AE9B6}.Release|Any CPU.ActiveCfg = Release|Any CPU
		{A671C246-0D21-4B86-A56E-6F64FC8AE9B6}.Release|Any CPU.Build.0 = Release|Any CPU
		{BD9AC085-F1D7-4A6D-B4AD-EFA6818EB669}.Debug|Any CPU.ActiveCfg = Debug|Any CPU
		{BD9AC085-F1D7-4A6D-B4AD-EFA6818EB669}.Debug|Any CPU.Build.0 = Debug|Any CPU
		{BD9AC085-F1D7-4A6D-B4AD-EFA6818EB669}.Release|Any CPU.ActiveCfg = Release|Any CPU
		{BD9AC085-F1D7-4A6D-B4AD-EFA6818EB669}.Release|Any CPU.Build.0 = Release|Any CPU
		{3BEA9BBB-E27B-4E42-B997-7EE1A823DE92}.Debug|Any CPU.ActiveCfg = Debug|Any CPU
		{3BEA9BBB-E27B-4E42-B997-7EE1A823DE92}.Debug|Any CPU.Build.0 = Debug|Any CPU
		{3BEA9BBB-E27B-4E42-B997-7EE1A823DE92}.Release|Any CPU.ActiveCfg = Release|Any CPU
		{3BEA9BBB-E27B-4E42-B997-7EE1A823DE92}.Release|Any CPU.Build.0 = Release|Any CPU
		{FFD15842-5FDD-487B-AA46-A8BF06867BFB}.Debug|Any CPU.ActiveCfg = Debug|Any CPU
		{FFD15842-5FDD-487B-AA46-A8BF06867BFB}.Debug|Any CPU.Build.0 = Debug|Any CPU
		{FFD15842-5FDD-487B-AA46-A8BF06867BFB}.Release|Any CPU.ActiveCfg = Release|Any CPU
		{FFD15842-5FDD-487B-AA46-A8BF06867BFB}.Release|Any CPU.Build.0 = Release|Any CPU
	EndGlobalSection
	GlobalSection(SolutionProperties) = preSolution
		HideSolutionNode = FALSE
	EndGlobalSection
	GlobalSection(NestedProjects) = preSolution
		{3AD00678-0CF3-47DE-8B16-16FFCFD840BF} = {667FA38F-37D1-4800-BB95-2196BC04C35B}
		{C7054DEF-882E-470D-A45D-E273C2E039A2} = {3AD00678-0CF3-47DE-8B16-16FFCFD840BF}
		{77328953-EE62-4BAC-BE3D-5DF3069B0478} = {C7054DEF-882E-470D-A45D-E273C2E039A2}
		{65F716D5-4EEB-4D30-A656-7B1C6934EA37} = {667FA38F-37D1-4800-BB95-2196BC04C35B}
		{1E96D96F-C76C-43B0-9253-DA23D376F6DF} = {65F716D5-4EEB-4D30-A656-7B1C6934EA37}
		{49EF5E31-9F15-4F1E-B6C4-AEC1EAAC0119} = {3AD00678-0CF3-47DE-8B16-16FFCFD840BF}
		{A671C246-0D21-4B86-A56E-6F64FC8AE9B6} = {49EF5E31-9F15-4F1E-B6C4-AEC1EAAC0119}
		{BD9AC085-F1D7-4A6D-B4AD-EFA6818EB669} = {65F716D5-4EEB-4D30-A656-7B1C6934EA37}
		{79DA1B7E-24DD-4F2B-B2FD-BD6960E10455} = {65F716D5-4EEB-4D30-A656-7B1C6934EA37}
		{3BEA9BBB-E27B-4E42-B997-7EE1A823DE92} = {79DA1B7E-24DD-4F2B-B2FD-BD6960E10455}
		{FFD15842-5FDD-487B-AA46-A8BF06867BFB} = {65F716D5-4EEB-4D30-A656-7B1C6934EA37}
	EndGlobalSection
	GlobalSection(ExtensibilityGlobals) = postSolution
		SolutionGuid = {54DBEE92-83D3-4516-99D9-6F5A12146007}
	EndGlobalSection
EndGlobal
