
Microsoft Visual Studio Solution File, Format Version 12.00
# Visual Studio Version 17
VisualStudioVersion = 17.5.002.0
MinimumVisualStudioVersion = 10.0.40219.1
Project("{9A19103F-16F7-4668-BE54-9A1E7A4F7556}") = "PetGuardian.API.Identity", "PetGuardian.API.Identity.csproj", "{B3179699-0B73-4B4A-99BA-E6CD02E8B73C}"
EndProject
Global
	GlobalSection(SolutionConfigurationPlatforms) = preSolution
		Debug|Any CPU = Debug|Any CPU
		Release|Any CPU = Release|Any CPU
	EndGlobalSection
	GlobalSection(ProjectConfigurationPlatforms) = postSolution
		{B3179699-0B73-4B4A-99BA-E6CD02E8B73C}.Debug|Any CPU.ActiveCfg = Debug|Any CPU
		{B3179699-0B73-4B4A-99BA-E6CD02E8B73C}.Debug|Any CPU.Build.0 = Debug|Any CPU
		{B3179699-0B73-4B4A-99BA-E6CD02E8B73C}.Release|Any CPU.ActiveCfg = Release|Any CPU
		{B3179699-0B73-4B4A-99BA-E6CD02E8B73C}.Release|Any CPU.Build.0 = Release|Any CPU
	EndGlobalSection
	GlobalSection(SolutionProperties) = preSolution
		HideSolutionNode = FALSE
	EndGlobalSection
	GlobalSection(ExtensibilityGlobals) = postSolution
		SolutionGuid = {17FF3919-727E-4FB9-86DB-28B1F0B4E4D9}
	EndGlobalSection
EndGlobal
